
Microsoft Visual Studio Solution File, Format Version 12.00
# Visual Studio Version 17
VisualStudioVersion = 17.0.31912.275
MinimumVisualStudioVersion = 10.0.40219.1
Project("{FAE04EC0-301F-11D3-BF4B-00C04F79EFBC}") = "ConsoleApp2", "ConsoleApp2\ConsoleApp2.csproj", "{5275EF15-8B45-46C4-8F97-3FA3ED26A4E8}"
EndProject
Global
	GlobalSection(SolutionConfigurationPlatforms) = preSolution
		Debug|Any CPU = Debug|Any CPU
		Release|Any CPU = Release|Any CPU
	EndGlobalSection
	GlobalSection(ProjectConfigurationPlatforms) = postSolution
		{5275EF15-8B45-46C4-8F97-3FA3ED26A4E8}.Debug|Any CPU.ActiveCfg = Debug|Any CPU
		{5275EF15-8B45-46C4-8F97-3FA3ED26A4E8}.Debug|Any CPU.Build.0 = Debug|Any CPU
		{5275EF15-8B45-46C4-8F97-3FA3ED26A4E8}.Release|Any CPU.ActiveCfg = Release|Any CPU
		{5275EF15-8B45-46C4-8F97-3FA3ED26A4E8}.Release|Any CPU.Build.0 = Release|Any CPU
	EndGlobalSection
	GlobalSection(SolutionProperties) = preSolution
		HideSolutionNode = FALSE
	EndGlobalSection
	GlobalSection(ExtensibilityGlobals) = postSolution
		SolutionGuid = {EA9CD2F8-A67D-45F5-9648-7C07172A01B5}
	EndGlobalSection
EndGlobal
